
Microsoft Visual Studio Solution File, Format Version 12.00
# Visual Studio Version 17
VisualStudioVersion = 17.12.35323.107
MinimumVisualStudioVersion = 10.0.40219.1
Project("{FAE04EC0-301F-11D3-BF4B-00C04F79EFBC}") = "KafkaConsumerDocker", "KafkaConsumerDocker\KafkaConsumerDocker.csproj", "{CBF6332E-FA5D-440A-9975-70EBEA7B1D4B}"
EndProject
Global
	GlobalSection(SolutionConfigurationPlatforms) = preSolution
		Debug|Any CPU = Debug|Any CPU
		Release|Any CPU = Release|Any CPU
	EndGlobalSection
	GlobalSection(ProjectConfigurationPlatforms) = postSolution
		{CBF6332E-FA5D-440A-9975-70EBEA7B1D4B}.Debug|Any CPU.ActiveCfg = Debug|Any CPU
		{CBF6332E-FA5D-440A-9975-70EBEA7B1D4B}.Debug|Any CPU.Build.0 = Debug|Any CPU
		{CBF6332E-FA5D-440A-9975-70EBEA7B1D4B}.Release|Any CPU.ActiveCfg = Release|Any CPU
		{CBF6332E-FA5D-440A-9975-70EBEA7B1D4B}.Release|Any CPU.Build.0 = Release|Any CPU
	EndGlobalSection
	GlobalSection(SolutionProperties) = preSolution
		HideSolutionNode = FALSE
	EndGlobalSection
	GlobalSection(ExtensibilityGlobals) = postSolution
		SolutionGuid = {CE97903B-AD09-4298-8F4A-4B7EDBDC7721}
	EndGlobalSection
EndGlobal
