
Microsoft Visual Studio Solution File, Format Version 12.00
# Visual Studio Version 17
VisualStudioVersion = 17.12.35323.107
MinimumVisualStudioVersion = 10.0.40219.1
Project("{FAE04EC0-301F-11D3-BF4B-00C04F79EFBC}") = "GraylogDocker", "GraylogDocker\GraylogDocker.csproj", "{F35FC706-5DE0-489F-BE59-B9FBDD475BAD}"
EndProject
Global
	GlobalSection(SolutionConfigurationPlatforms) = preSolution
		Debug|Any CPU = Debug|Any CPU
		Release|Any CPU = Release|Any CPU
	EndGlobalSection
	GlobalSection(ProjectConfigurationPlatforms) = postSolution
		{F35FC706-5DE0-489F-BE59-B9FBDD475BAD}.Debug|Any CPU.ActiveCfg = Debug|Any CPU
		{F35FC706-5DE0-489F-BE59-B9FBDD475BAD}.Debug|Any CPU.Build.0 = Debug|Any CPU
		{F35FC706-5DE0-489F-BE59-B9FBDD475BAD}.Release|Any CPU.ActiveCfg = Release|Any CPU
		{F35FC706-5DE0-489F-BE59-B9FBDD475BAD}.Release|Any CPU.Build.0 = Release|Any CPU
	EndGlobalSection
	GlobalSection(SolutionProperties) = preSolution
		HideSolutionNode = FALSE
	EndGlobalSection
	GlobalSection(ExtensibilityGlobals) = postSolution
		SolutionGuid = {EA6329D0-C06C-4F74-9886-BE7D318C16A3}
	EndGlobalSection
EndGlobal
